
Microsoft Visual Studio Solution File, Format Version 12.00
Project("{FAE04EC0-301F-11D3-BF4B-00C04F79EFBC}") = "Estudos.EFCore", "Estudos.EFCore\Estudos.EFCore.csproj", "{565047D7-4509-4BD4-A5E4-7FB39ADABB05}"
EndProject
Global
	GlobalSection(SolutionConfigurationPlatforms) = preSolution
		Debug|Any CPU = Debug|Any CPU
		Release|Any CPU = Release|Any CPU
	EndGlobalSection
	GlobalSection(ProjectConfigurationPlatforms) = postSolution
		{565047D7-4509-4BD4-A5E4-7FB39ADABB05}.Debug|Any CPU.ActiveCfg = Debug|Any CPU
		{565047D7-4509-4BD4-A5E4-7FB39ADABB05}.Debug|Any CPU.Build.0 = Debug|Any CPU
		{565047D7-4509-4BD4-A5E4-7FB39ADABB05}.Release|Any CPU.ActiveCfg = Release|Any CPU
		{565047D7-4509-4BD4-A5E4-7FB39ADABB05}.Release|Any CPU.Build.0 = Release|Any CPU
	EndGlobalSection
EndGlobal
